
Microsoft Visual Studio Solution File, Format Version 12.00
# Visual Studio Version 16
VisualStudioVersion = 16.0.28803.202
MinimumVisualStudioVersion = 10.0.40219.1
Project("{FAE04EC0-301F-11D3-BF4B-00C04F79EFBC}") = "GameStore", "GameStore\GameStore.csproj", "{014659C5-BED9-44E5-ACC8-D8129AB0AFC4}"
EndProject
Project("{FAE04EC0-301F-11D3-BF4B-00C04F79EFBC}") = "GameStore.DAL", "GameStore.DAL\GameStore.DAL.csproj", "{4ED1559F-5901-4663-B9B8-B34CCE2B30D7}"
EndProject
Global
	GlobalSection(SolutionConfigurationPlatforms) = preSolution
		Debug|Any CPU = Debug|Any CPU
		Release|Any CPU = Release|Any CPU
	EndGlobalSection
	GlobalSection(ProjectConfigurationPlatforms) = postSolution
		{014659C5-BED9-44E5-ACC8-D8129AB0AFC4}.Debug|Any CPU.ActiveCfg = Debug|Any CPU
		{014659C5-BED9-44E5-ACC8-D8129AB0AFC4}.Debug|Any CPU.Build.0 = Debug|Any CPU
		{014659C5-BED9-44E5-ACC8-D8129AB0AFC4}.Release|Any CPU.ActiveCfg = Release|Any CPU
		{014659C5-BED9-44E5-ACC8-D8129AB0AFC4}.Release|Any CPU.Build.0 = Release|Any CPU
		{4ED1559F-5901-4663-B9B8-B34CCE2B30D7}.Debug|Any CPU.ActiveCfg = Debug|Any CPU
		{4ED1559F-5901-4663-B9B8-B34CCE2B30D7}.Debug|Any CPU.Build.0 = Debug|Any CPU
		{4ED1559F-5901-4663-B9B8-B34CCE2B30D7}.Release|Any CPU.ActiveCfg = Release|Any CPU
		{4ED1559F-5901-4663-B9B8-B34CCE2B30D7}.Release|Any CPU.Build.0 = Release|Any CPU
	EndGlobalSection
	GlobalSection(SolutionProperties) = preSolution
		HideSolutionNode = FALSE
	EndGlobalSection
	GlobalSection(ExtensibilityGlobals) = postSolution
		SolutionGuid = {88F4B0DB-19C8-4457-90CD-2FC1E525A627}
	EndGlobalSection
EndGlobal
