
Microsoft Visual Studio Solution File, Format Version 12.00
# Visual Studio Version 16
VisualStudioVersion = 16.0.28917.181
MinimumVisualStudioVersion = 10.0.40219.1
Project("{9A19103F-16F7-4668-BE54-9A1E7A4F7556}") = "GameStore.PL", "GameStore.PL\GameStore.PL.csproj", "{8DEA41B4-52EC-4BB3-9193-6651F9D3258C}"
EndProject
Project("{9A19103F-16F7-4668-BE54-9A1E7A4F7556}") = "GameStore.Core", "GameStore.Core\GameStore.Core.csproj", "{300D925E-BDD7-4AB0-9FEC-45DA5B6ECA98}"
EndProject
Project("{9A19103F-16F7-4668-BE54-9A1E7A4F7556}") = "GameStore.Infrastructure", "GameStore.Infrastructure\GameStore.Infrastructure.csproj", "{99C843C3-B8FD-4153-8005-9296A6F73CEC}"
EndProject
Global
	GlobalSection(SolutionConfigurationPlatforms) = preSolution
		Debug|Any CPU = Debug|Any CPU
		Release|Any CPU = Release|Any CPU
	EndGlobalSection
	GlobalSection(ProjectConfigurationPlatforms) = postSolution
		{8DEA41B4-52EC-4BB3-9193-6651F9D3258C}.Debug|Any CPU.ActiveCfg = Debug|Any CPU
		{8DEA41B4-52EC-4BB3-9193-6651F9D3258C}.Debug|Any CPU.Build.0 = Debug|Any CPU
		{8DEA41B4-52EC-4BB3-9193-6651F9D3258C}.Release|Any CPU.ActiveCfg = Release|Any CPU
		{8DEA41B4-52EC-4BB3-9193-6651F9D3258C}.Release|Any CPU.Build.0 = Release|Any CPU
		{300D925E-BDD7-4AB0-9FEC-45DA5B6ECA98}.Debug|Any CPU.ActiveCfg = Debug|Any CPU
		{300D925E-BDD7-4AB0-9FEC-45DA5B6ECA98}.Debug|Any CPU.Build.0 = Debug|Any CPU
		{300D925E-BDD7-4AB0-9FEC-45DA5B6ECA98}.Release|Any CPU.ActiveCfg = Release|Any CPU
		{300D925E-BDD7-4AB0-9FEC-45DA5B6ECA98}.Release|Any CPU.Build.0 = Release|Any CPU
		{99C843C3-B8FD-4153-8005-9296A6F73CEC}.Debug|Any CPU.ActiveCfg = Debug|Any CPU
		{99C843C3-B8FD-4153-8005-9296A6F73CEC}.Debug|Any CPU.Build.0 = Debug|Any CPU
		{99C843C3-B8FD-4153-8005-9296A6F73CEC}.Release|Any CPU.ActiveCfg = Release|Any CPU
		{99C843C3-B8FD-4153-8005-9296A6F73CEC}.Release|Any CPU.Build.0 = Release|Any CPU
	EndGlobalSection
	GlobalSection(SolutionProperties) = preSolution
		HideSolutionNode = FALSE
	EndGlobalSection
	GlobalSection(ExtensibilityGlobals) = postSolution
		SolutionGuid = {A28881B7-4846-416D-8032-0E00E87E9C3A}
	EndGlobalSection
EndGlobal
